
Microsoft Visual Studio Solution File, Format Version 12.00
# Visual Studio Version 17
VisualStudioVersion = 17.5.33530.505
MinimumVisualStudioVersion = 10.0.40219.1
Project("{FAE04EC0-301F-11D3-BF4B-00C04F79EFBC}") = "ConsoleApp5", "ConsoleApp5\ConsoleApp5.csproj", "{02FC9125-3EBA-44F4-A2F8-08151BD45324}"
EndProject
Global
	GlobalSection(SolutionConfigurationPlatforms) = preSolution
		Debug|Any CPU = Debug|Any CPU
		Release|Any CPU = Release|Any CPU
	EndGlobalSection
	GlobalSection(ProjectConfigurationPlatforms) = postSolution
		{02FC9125-3EBA-44F4-A2F8-08151BD45324}.Debug|Any CPU.ActiveCfg = Debug|Any CPU
		{02FC9125-3EBA-44F4-A2F8-08151BD45324}.Debug|Any CPU.Build.0 = Debug|Any CPU
		{02FC9125-3EBA-44F4-A2F8-08151BD45324}.Release|Any CPU.ActiveCfg = Release|Any CPU
		{02FC9125-3EBA-44F4-A2F8-08151BD45324}.Release|Any CPU.Build.0 = Release|Any CPU
	EndGlobalSection
	GlobalSection(SolutionProperties) = preSolution
		HideSolutionNode = FALSE
	EndGlobalSection
	GlobalSection(ExtensibilityGlobals) = postSolution
		SolutionGuid = {575E0926-7B58-4C36-8624-D5D5EA62337E}
	EndGlobalSection
EndGlobal
